Microsoft Visual Studio Solution File, Format Version 12.00
# Visual Studio Version 17
VisualStudioVersion = 17.5.2.0
MinimumVisualStudioVersion = 10.0.40219.1
Project("{FAE04EC0-301F-11D3-BF4B-00C04F79EFBC}") = "02-Introducao_ao_DotNet", "02-Introducao_ao_DotNet\02-Introducao_ao_DotNet.csproj", "{BBBE9BD3-EE99-5947-CA53-186411DE76F0}"
EndProject
Project("{FAE04EC0-301F-11D3-BF4B-00C04F79EFBC}") = "03-Introducao_Estrutura_de_Repeticao", "03-Introducao_Estrutura_de_Repeticao\03-Introducao_Estrutura_de_Repeticao.csproj", "{099DCEDF-D834-46E7-91BE-4292C92A3BA9}"
EndProject
Global
	GlobalSection(SolutionConfigurationPlatforms) = preSolution
		Debug|Any CPU = Debug|Any CPU
		Release|Any CPU = Release|Any CPU
	EndGlobalSection
	GlobalSection(ProjectConfigurationPlatforms) = postSolution
		{BBBE9BD3-EE99-5947-CA53-186411DE76F0}.Debug|Any CPU.ActiveCfg = Debug|Any CPU
		{BBBE9BD3-EE99-5947-CA53-186411DE76F0}.Debug|Any CPU.Build.0 = Debug|Any CPU
		{BBBE9BD3-EE99-5947-CA53-186411DE76F0}.Release|Any CPU.ActiveCfg = Release|Any CPU
		{BBBE9BD3-EE99-5947-CA53-186411DE76F0}.Release|Any CPU.Build.0 = Release|Any CPU
		{099DCEDF-D834-46E7-91BE-4292C92A3BA9}.Debug|Any CPU.ActiveCfg = Debug|Any CPU
		{099DCEDF-D834-46E7-91BE-4292C92A3BA9}.Debug|Any CPU.Build.0 = Debug|Any CPU
		{099DCEDF-D834-46E7-91BE-4292C92A3BA9}.Release|Any CPU.ActiveCfg = Release|Any CPU
		{099DCEDF-D834-46E7-91BE-4292C92A3BA9}.Release|Any CPU.Build.0 = Release|Any CPU
	EndGlobalSection
	GlobalSection(SolutionProperties) = preSolution
		HideSolutionNode = FALSE
	EndGlobalSection
	GlobalSection(ExtensibilityGlobals) = postSolution
		SolutionGuid = {6E7085B0-2FB1-492D-95FD-04D49A32FEEF}
	EndGlobalSection
EndGlobal
